
Microsoft Visual Studio Solution File, Format Version 12.00
# Visual Studio 2013
VisualStudioVersion = 12.0.21005.1
MinimumVisualStudioVersion = 10.0.40219.1
Project("{FAE04EC0-301F-11D3-BF4B-00C04F79EFBC}") = "SportsStore.Domain", "SportsStore.Domain\SportsStore.Domain.csproj", "{709CC1FD-247F-4455-9D05-E4671034C6B2}"
EndProject
Project("{FAE04EC0-301F-11D3-BF4B-00C04F79EFBC}") = "SportsStore.WebUI", "SportsStore.WebUI\SportsStore.WebUI.csproj", "{2EDB2656-AD3D-47F1-A553-B851C0BB6C12}"
EndProject
Project("{FAE04EC0-301F-11D3-BF4B-00C04F79EFBC}") = "SportsStore.UnitTests", "SportsStore.UnitTests\SportsStore.UnitTests.csproj", "{2FA7091D-F10E-426F-B6B7-A5B599CABAF8}"
EndProject
Global
	GlobalSection(SolutionConfigurationPlatforms) = preSolution
		Debug|Any CPU = Debug|Any CPU
		Release|Any CPU = Release|Any CPU
	EndGlobalSection
	GlobalSection(ProjectConfigurationPlatforms) = postSolution
		{709CC1FD-247F-4455-9D05-E4671034C6B2}.Debug|Any CPU.ActiveCfg = Debug|Any CPU
		{709CC1FD-247F-4455-9D05-E4671034C6B2}.Debug|Any CPU.Build.0 = Debug|Any CPU
		{709CC1FD-247F-4455-9D05-E4671034C6B2}.Release|Any CPU.ActiveCfg = Release|Any CPU
		{709CC1FD-247F-4455-9D05-E4671034C6B2}.Release|Any CPU.Build.0 = Release|Any CPU
		{2EDB2656-AD3D-47F1-A553-B851C0BB6C12}.Debug|Any CPU.ActiveCfg = Debug|Any CPU
		{2EDB2656-AD3D-47F1-A553-B851C0BB6C12}.Debug|Any CPU.Build.0 = Debug|Any CPU
		{2EDB2656-AD3D-47F1-A553-B851C0BB6C12}.Release|Any CPU.ActiveCfg = Release|Any CPU
		{2EDB2656-AD3D-47F1-A553-B851C0BB6C12}.Release|Any CPU.Build.0 = Release|Any CPU
		{2FA7091D-F10E-426F-B6B7-A5B599CABAF8}.Debug|Any CPU.ActiveCfg = Debug|Any CPU
		{2FA7091D-F10E-426F-B6B7-A5B599CABAF8}.Debug|Any CPU.Build.0 = Debug|Any CPU
		{2FA7091D-F10E-426F-B6B7-A5B599CABAF8}.Release|Any CPU.ActiveCfg = Release|Any CPU
		{2FA7091D-F10E-426F-B6B7-A5B599CABAF8}.Release|Any CPU.Build.0 = Release|Any CPU
	EndGlobalSection
	GlobalSection(SolutionProperties) = preSolution
		HideSolutionNode = FALSE
	EndGlobalSection
EndGlobal
